
Microsoft Visual Studio Solution File, Format Version 12.00
# Visual Studio Version 17
VisualStudioVersion = 17.0.31903.59
MinimumVisualStudioVersion = 10.0.40219.1
Project("{FAE04EC0-301F-11D3-BF4B-00C04F79EFBC}") = "Client.Domain", "Client.Domain\Client.Domain.csproj", "{0FF4D6E6-1E90-4114-A000-557192AC5D55}"
EndProject
Project("{FAE04EC0-301F-11D3-BF4B-00C04F79EFBC}") = "Client.Application", "Client.Application\Client.Application.csproj", "{E7A26F79-DEE0-4D48-9795-C77EF2230275}"
EndProject
Project("{FAE04EC0-301F-11D3-BF4B-00C04F79EFBC}") = "Client.Api", "Client.Api\Client.Api.csproj", "{57910CCC-B915-4E4F-B3FA-21C7DFB7402A}"
EndProject
Global
	GlobalSection(SolutionConfigurationPlatforms) = preSolution
		Debug|Any CPU = Debug|Any CPU
		Release|Any CPU = Release|Any CPU
	EndGlobalSection
	GlobalSection(SolutionProperties) = preSolution
		HideSolutionNode = FALSE
	EndGlobalSection
	GlobalSection(ProjectConfigurationPlatforms) = postSolution
		{0FF4D6E6-1E90-4114-A000-557192AC5D55}.Debug|Any CPU.ActiveCfg = Debug|Any CPU
		{0FF4D6E6-1E90-4114-A000-557192AC5D55}.Debug|Any CPU.Build.0 = Debug|Any CPU
		{0FF4D6E6-1E90-4114-A000-557192AC5D55}.Release|Any CPU.ActiveCfg = Release|Any CPU
		{0FF4D6E6-1E90-4114-A000-557192AC5D55}.Release|Any CPU.Build.0 = Release|Any CPU
		{E7A26F79-DEE0-4D48-9795-C77EF2230275}.Debug|Any CPU.ActiveCfg = Debug|Any CPU
		{E7A26F79-DEE0-4D48-9795-C77EF2230275}.Debug|Any CPU.Build.0 = Debug|Any CPU
		{E7A26F79-DEE0-4D48-9795-C77EF2230275}.Release|Any CPU.ActiveCfg = Release|Any CPU
		{E7A26F79-DEE0-4D48-9795-C77EF2230275}.Release|Any CPU.Build.0 = Release|Any CPU
		{57910CCC-B915-4E4F-B3FA-21C7DFB7402A}.Debug|Any CPU.ActiveCfg = Debug|Any CPU
		{57910CCC-B915-4E4F-B3FA-21C7DFB7402A}.Debug|Any CPU.Build.0 = Debug|Any CPU
		{57910CCC-B915-4E4F-B3FA-21C7DFB7402A}.Release|Any CPU.ActiveCfg = Release|Any CPU
		{57910CCC-B915-4E4F-B3FA-21C7DFB7402A}.Release|Any CPU.Build.0 = Release|Any CPU
	EndGlobalSection
EndGlobal
