
Microsoft Visual Studio Solution File, Format Version 12.00
# Visual Studio Version 17
VisualStudioVersion = 17.5.002.0
MinimumVisualStudioVersion = 10.0.40219.1
Project("{9A19103F-16F7-4668-BE54-9A1E7A4F7556}") = "Client.Api", "Client.Api.csproj", "{B19A7DCF-C532-438D-8207-BC8CBAEC50DD}"
EndProject
Global
	GlobalSection(SolutionConfigurationPlatforms) = preSolution
		Debug|Any CPU = Debug|Any CPU
		Release|Any CPU = Release|Any CPU
	EndGlobalSection
	GlobalSection(ProjectConfigurationPlatforms) = postSolution
		{B19A7DCF-C532-438D-8207-BC8CBAEC50DD}.Debug|Any CPU.ActiveCfg = Debug|Any CPU
		{B19A7DCF-C532-438D-8207-BC8CBAEC50DD}.Debug|Any CPU.Build.0 = Debug|Any CPU
		{B19A7DCF-C532-438D-8207-BC8CBAEC50DD}.Release|Any CPU.ActiveCfg = Release|Any CPU
		{B19A7DCF-C532-438D-8207-BC8CBAEC50DD}.Release|Any CPU.Build.0 = Release|Any CPU
	EndGlobalSection
	GlobalSection(SolutionProperties) = preSolution
		HideSolutionNode = FALSE
	EndGlobalSection
	GlobalSection(ExtensibilityGlobals) = postSolution
		SolutionGuid = {BE221A89-F706-4E03-B1EF-6D9E156E31C9}
	EndGlobalSection
EndGlobal
